
Microsoft Visual Studio Solution File, Format Version 12.00
# Visual Studio Version 16
VisualStudioVersion = 16.0.31729.503
MinimumVisualStudioVersion = 10.0.40219.1
Project("{FAE04EC0-301F-11D3-BF4B-00C04F79EFBC}") = "Module2HW6", "Module2HW6\Module2HW6.csproj", "{9B4EDC4C-FB91-4F8D-B73A-E95A5616C1D2}"
EndProject
Global
	GlobalSection(SolutionConfigurationPlatforms) = preSolution
		Debug|Any CPU = Debug|Any CPU
		Release|Any CPU = Release|Any CPU
	EndGlobalSection
	GlobalSection(ProjectConfigurationPlatforms) = postSolution
		{9B4EDC4C-FB91-4F8D-B73A-E95A5616C1D2}.Debug|Any CPU.ActiveCfg = Debug|Any CPU
		{9B4EDC4C-FB91-4F8D-B73A-E95A5616C1D2}.Debug|Any CPU.Build.0 = Debug|Any CPU
		{9B4EDC4C-FB91-4F8D-B73A-E95A5616C1D2}.Release|Any CPU.ActiveCfg = Release|Any CPU
		{9B4EDC4C-FB91-4F8D-B73A-E95A5616C1D2}.Release|Any CPU.Build.0 = Release|Any CPU
	EndGlobalSection
	GlobalSection(SolutionProperties) = preSolution
		HideSolutionNode = FALSE
	EndGlobalSection
	GlobalSection(ExtensibilityGlobals) = postSolution
		SolutionGuid = {6428851B-A791-4D66-AB31-0C9E934861FF}
	EndGlobalSection
EndGlobal
